
Microsoft Visual Studio Solution File, Format Version 12.00
# Visual Studio Version 16
VisualStudioVersion = 16.0.30711.63
MinimumVisualStudioVersion = 10.0.40219.1
Project("{FAE04EC0-301F-11D3-BF4B-00C04F79EFBC}") = "HW_Task1_And_2", "HW_Task1_And_2\HW_Task1_And_2.csproj", "{4C8CDB05-3657-469B-B07F-8955E4857CED}"
EndProject
Global
	GlobalSection(SolutionConfigurationPlatforms) = preSolution
		Debug|Any CPU = Debug|Any CPU
		Release|Any CPU = Release|Any CPU
	EndGlobalSection
	GlobalSection(ProjectConfigurationPlatforms) = postSolution
		{4C8CDB05-3657-469B-B07F-8955E4857CED}.Debug|Any CPU.ActiveCfg = Debug|Any CPU
		{4C8CDB05-3657-469B-B07F-8955E4857CED}.Debug|Any CPU.Build.0 = Debug|Any CPU
		{4C8CDB05-3657-469B-B07F-8955E4857CED}.Release|Any CPU.ActiveCfg = Release|Any CPU
		{4C8CDB05-3657-469B-B07F-8955E4857CED}.Release|Any CPU.Build.0 = Release|Any CPU
	EndGlobalSection
	GlobalSection(SolutionProperties) = preSolution
		HideSolutionNode = FALSE
	EndGlobalSection
	GlobalSection(ExtensibilityGlobals) = postSolution
		SolutionGuid = {926D0633-6643-4427-B45B-A4391D6F77E0}
	EndGlobalSection
EndGlobal
